
Microsoft Visual Studio Solution File, Format Version 12.00
# Visual Studio 14
VisualStudioVersion = 14.0.25420.1
MinimumVisualStudioVersion = 10.0.40219.1
Project("{FAE04EC0-301F-11D3-BF4B-00C04F79EFBC}") = "MainChatWindow", "MainChatWindow\MainChatWindow.csproj", "{7BE5D3A3-2317-4D51-B38E-E2C5E9E82202}"
EndProject
Project("{2150E333-8FDC-42A3-9474-1A3956D46DE8}") = "Solution Items", "Solution Items", "{5BCAFE59-7616-43F1-A521-F212F5D2A087}"
	ProjectSection(SolutionItems) = preProject
		..\CHANGELOG.txt = ..\CHANGELOG.txt
		..\README.md = ..\README.md
	EndProjectSection
EndProject
Project("{FAE04EC0-301F-11D3-BF4B-00C04F79EFBC}") = "Server", "Server\Server.csproj", "{69B7D795-9BA6-4CDE-8BED-52CFB946A554}"
EndProject
Global
	GlobalSection(SolutionConfigurationPlatforms) = preSolution
		Debug|Any CPU = Debug|Any CPU
		Release|Any CPU = Release|Any CPU
	EndGlobalSection
	GlobalSection(ProjectConfigurationPlatforms) = postSolution
		{7BE5D3A3-2317-4D51-B38E-E2C5E9E82202}.Debug|Any CPU.ActiveCfg = Debug|Any CPU
		{7BE5D3A3-2317-4D51-B38E-E2C5E9E82202}.Debug|Any CPU.Build.0 = Debug|Any CPU
		{7BE5D3A3-2317-4D51-B38E-E2C5E9E82202}.Release|Any CPU.ActiveCfg = Release|Any CPU
		{7BE5D3A3-2317-4D51-B38E-E2C5E9E82202}.Release|Any CPU.Build.0 = Release|Any CPU
		{69B7D795-9BA6-4CDE-8BED-52CFB946A554}.Debug|Any CPU.ActiveCfg = Debug|Any CPU
		{69B7D795-9BA6-4CDE-8BED-52CFB946A554}.Debug|Any CPU.Build.0 = Debug|Any CPU
		{69B7D795-9BA6-4CDE-8BED-52CFB946A554}.Release|Any CPU.ActiveCfg = Release|Any CPU
		{69B7D795-9BA6-4CDE-8BED-52CFB946A554}.Release|Any CPU.Build.0 = Release|Any CPU
	EndGlobalSection
	GlobalSection(SolutionProperties) = preSolution
		HideSolutionNode = FALSE
	EndGlobalSection
EndGlobal
